// !$*UTF8*$!
{
	archiveVersion = 1;
	classes = {
	};
	objectVersion = 56;
	objects = {

/* Begin PBXBuildFile section */
		B106A2A02ABD093B00246DCE /* PokedexApp.swift in Sources */ = {isa = PBXBuildFile; fileRef = B106A29F2ABD093B00246DCE /* PokedexApp.swift */; };
		B106A2A22ABD093B00246DCE /* ContentView.swift in Sources */ = {isa = PBXBuildFile; fileRef = B106A2A12ABD093B00246DCE /* ContentView.swift */; };
		B106A2A42ABD093C00246DCE /* Assets.xcassets in Resources */ = {isa = PBXBuildFile; fileRef = B106A2A32ABD093C00246DCE /* Assets.xcassets */; };
		B106A2A72ABD093C00246DCE /* Preview Assets.xcassets in Resources */ = {isa = PBXBuildFile; fileRef = B106A2A62ABD093C00246DCE /* Preview Assets.xcassets */; };
		B12242D92ABEF37F00A583C2 /* Bundle-Decode.swift in Sources */ = {isa = PBXBuildFile; fileRef = B12242D82ABEF37F00A583C2 /* Bundle-Decode.swift */; };
		B12242DB2ABEFB0000A583C2 /* 7.json in Resources */ = {isa = PBXBuildFile; fileRef = B12242DA2ABEFB0000A583C2 /* 7.json */; };
		B17E98522ABD100800953856 /* DataServiceProtocol.swift in Sources */ = {isa = PBXBuildFile; fileRef = B17E98512ABD100800953856 /* DataServiceProtocol.swift */; };
		B17E98542ABD108200953856 /* PokemonResponse.swift in Sources */ = {isa = PBXBuildFile; fileRef = B17E98532ABD108200953856 /* PokemonResponse.swift */; };
		B17E98562ABEE4C700953856 /* ContentView-ViewModel.swift in Sources */ = {isa = PBXBuildFile; fileRef = B17E98552ABEE4C700953856 /* ContentView-ViewModel.swift */; };
		B1F13AE22ABEF0FA00521B83 /* String-CapitalizeFirstLetter.swift in Sources */ = {isa = PBXBuildFile; fileRef = B1F13AE12ABEF0FA00521B83 /* String-CapitalizeFirstLetter.swift */; };
		B1F13AE42ABEF18100521B83 /* NetworkDataService.swift in Sources */ = {isa = PBXBuildFile; fileRef = B1F13AE32ABEF18100521B83 /* NetworkDataService.swift */; };
		B1F13AE62ABEF1B700521B83 /* MockDataService.swift in Sources */ = {isa = PBXBuildFile; fileRef = B1F13AE52ABEF1B700521B83 /* MockDataService.swift */; };
		B1F13AF02ABEF31A00521B83 /* 6.json in Resources */ = {isa = PBXBuildFile; fileRef = B1F13AE82ABEF31A00521B83 /* 6.json */; };
		B1F13AF12ABEF31A00521B83 /* 2.json in Resources */ = {isa = PBXBuildFile; fileRef = B1F13AE92ABEF31A00521B83 /* 2.json */; };
		B1F13AF22ABEF31A00521B83 /* 4.json in Resources */ = {isa = PBXBuildFile; fileRef = B1F13AEA2ABEF31A00521B83 /* 4.json */; };
		B1F13AF32ABEF31A00521B83 /* 9.json in Resources */ = {isa = PBXBuildFile; fileRef = B1F13AEB2ABEF31A00521B83 /* 9.json */; };
		B1F13AF42ABEF31A00521B83 /* 5.json in Resources */ = {isa = PBXBuildFile; fileRef = B1F13AEC2ABEF31A00521B83 /* 5.json */; };
		B1F13AF52ABEF31A00521B83 /* 1.json in Resources */ = {isa = PBXBuildFile; fileRef = B1F13AED2ABEF31A00521B83 /* 1.json */; };
		B1F13AF62ABEF31A00521B83 /* 3.json in Resources */ = {isa = PBXBuildFile; fileRef = B1F13AEE2ABEF31A00521B83 /* 3.json */; };
		B1F13AF72ABEF31A00521B83 /* 8.json in Resources */ = {isa = PBXBuildFile; fileRef = B1F13AEF2ABEF31A00521B83 /* 8.json */; };
/* End PBXBuildFile section */

/* Begin PBXFileReference section */
		B106A29C2ABD093B00246DCE /* Pokedex.app */ = {isa = PBXFileReference; explicitFileType = wrapper.application; includeInIndex = 0; path = Pokedex.app; sourceTree = BUILT_PRODUCTS_DIR; };
		B106A29F2ABD093B00246DCE /* PokedexApp.swift */ = {isa = PBXFileReference; lastKnownFileType = sourcecode.swift; path = PokedexApp.swift; sourceTree = "<group>"; };
		B106A2A12ABD093B00246DCE /* ContentView.swift */ = {isa = PBXFileReference; lastKnownFileType = sourcecode.swift; path = ContentView.swift; sourceTree = "<group>"; };
		B106A2A32ABD093C00246DCE /* Assets.xcassets */ = {isa = PBXFileReference; lastKnownFileType = folder.assetcatalog; path = Assets.xcassets; sourceTree = "<group>"; };
		B106A2A62ABD093C00246DCE /* Preview Assets.xcassets */ = {isa = PBXFileReference; lastKnownFileType = folder.assetcatalog; path = "Preview Assets.xcassets"; sourceTree = "<group>"; };
		B12242D82ABEF37F00A583C2 /* Bundle-Decode.swift */ = {isa = PBXFileReference; lastKnownFileType = sourcecode.swift; path = "Bundle-Decode.swift"; sourceTree = "<group>"; };
		B12242DA2ABEFB0000A583C2 /* 7.json */ = {isa = PBXFileReference; fileEncoding = 4; lastKnownFileType = text.json; path = 7.json; sourceTree = "<group>"; };
		B17E98512ABD100800953856 /* DataServiceProtocol.swift */ = {isa = PBXFileReference; lastKnownFileType = sourcecode.swift; path = DataServiceProtocol.swift; sourceTree = "<group>"; };
		B17E98532ABD108200953856 /* PokemonResponse.swift */ = {isa = PBXFileReference; lastKnownFileType = sourcecode.swift; path = PokemonResponse.swift; sourceTree = "<group>"; };
		B17E98552ABEE4C700953856 /* ContentView-ViewModel.swift */ = {isa = PBXFileReference; lastKnownFileType = sourcecode.swift; path = "ContentView-ViewModel.swift"; sourceTree = "<group>"; };
		B1F13AE12ABEF0FA00521B83 /* String-CapitalizeFirstLetter.swift */ = {isa = PBXFileReference; lastKnownFileType = sourcecode.swift; path = "String-CapitalizeFirstLetter.swift"; sourceTree = "<group>"; };
		B1F13AE32ABEF18100521B83 /* NetworkDataService.swift */ = {isa = PBXFileReference; lastKnownFileType = sourcecode.swift; path = NetworkDataService.swift; sourceTree = "<group>"; };
		B1F13AE52ABEF1B700521B83 /* MockDataService.swift */ = {isa = PBXFileReference; lastKnownFileType = sourcecode.swift; path = MockDataService.swift; sourceTree = "<group>"; };
		B1F13AE82ABEF31A00521B83 /* 6.json */ = {isa = PBXFileReference; fileEncoding = 4; lastKnownFileType = text.json; path = 6.json; sourceTree = "<group>"; };
		B1F13AE92ABEF31A00521B83 /* 2.json */ = {isa = PBXFileReference; fileEncoding = 4; lastKnownFileType = text.json; path = 2.json; sourceTree = "<group>"; };
		B1F13AEA2ABEF31A00521B83 /* 4.json */ = {isa = PBXFileReference; fileEncoding = 4; lastKnownFileType = text.json; path = 4.json; sourceTree = "<group>"; };
		B1F13AEB2ABEF31A00521B83 /* 9.json */ = {isa = PBXFileReference; fileEncoding = 4; lastKnownFileType = text.json; path = 9.json; sourceTree = "<group>"; };
		B1F13AEC2ABEF31A00521B83 /* 5.json */ = {isa = PBXFileReference; fileEncoding = 4; lastKnownFileType = text.json; path = 5.json; sourceTree = "<group>"; };
		B1F13AED2ABEF31A00521B83 /* 1.json */ = {isa = PBXFileReference; fileEncoding = 4; lastKnownFileType = text.json; path = 1.json; sourceTree = "<group>"; };
		B1F13AEE2ABEF31A00521B83 /* 3.json */ = {isa = PBXFileReference; fileEncoding = 4; lastKnownFileType = text.json; path = 3.json; sourceTree = "<group>"; };
		B1F13AEF2ABEF31A00521B83 /* 8.json */ = {isa = PBXFileReference; fileEncoding = 4; lastKnownFileType = text.json; path = 8.json; sourceTree = "<group>"; };
/* End PBXFileReference section */

/* Begin PBXFrameworksBuildPhase section */
		B106A2992ABD093B00246DCE /* Frameworks */ = {
			isa = PBXFrameworksBuildPhase;
			buildActionMask = 2147483647;
			files = (
			);
			runOnlyForDeploymentPostprocessing = 0;
		};
/* End PBXFrameworksBuildPhase section */

/* Begin PBXGroup section */
		B106A2932ABD093B00246DCE = {
			isa = PBXGroup;
			children = (
				B106A29E2ABD093B00246DCE /* Pokedex */,
				B106A29D2ABD093B00246DCE /* Products */,
			);
			sourceTree = "<group>";
		};
		B106A29D2ABD093B00246DCE /* Products */ = {
			isa = PBXGroup;
			children = (
				B106A29C2ABD093B00246DCE /* Pokedex.app */,
			);
			name = Products;
			sourceTree = "<group>";
		};
		B106A29E2ABD093B00246DCE /* Pokedex */ = {
			isa = PBXGroup;
			children = (
				B106A2AE2ABD099600246DCE /* DataModels */,
				B1F13AE02ABEF0E700521B83 /* Extensions */,
				B1F13AE72ABEF30000521B83 /* MockData */,
				B106A2B02ABD09B700246DCE /* Services */,
				B106A2AF2ABD09A000246DCE /* ViewModel */,
				B106A2AD2ABD098900246DCE /* Views */,
				B106A29F2ABD093B00246DCE /* PokedexApp.swift */,
				B106A2A32ABD093C00246DCE /* Assets.xcassets */,
				B106A2A52ABD093C00246DCE /* Preview Content */,
			);
			path = Pokedex;
			sourceTree = "<group>";
		};
		B106A2A52ABD093C00246DCE /* Preview Content */ = {
			isa = PBXGroup;
			children = (
				B106A2A62ABD093C00246DCE /* Preview Assets.xcassets */,
			);
			path = "Preview Content";
			sourceTree = "<group>";
		};
		B106A2AD2ABD098900246DCE /* Views */ = {
			isa = PBXGroup;
			children = (
				B106A2A12ABD093B00246DCE /* ContentView.swift */,
			);
			path = Views;
			sourceTree = "<group>";
		};
		B106A2AE2ABD099600246DCE /* DataModels */ = {
			isa = PBXGroup;
			children = (
				B17E98532ABD108200953856 /* PokemonResponse.swift */,
			);
			path = DataModels;
			sourceTree = "<group>";
		};
		B106A2AF2ABD09A000246DCE /* ViewModel */ = {
			isa = PBXGroup;
			children = (
				B17E98552ABEE4C700953856 /* ContentView-ViewModel.swift */,
			);
			path = ViewModel;
			sourceTree = "<group>";
		};
		B106A2B02ABD09B700246DCE /* Services */ = {
			isa = PBXGroup;
			children = (
				B17E98512ABD100800953856 /* DataServiceProtocol.swift */,
				B1F13AE32ABEF18100521B83 /* NetworkDataService.swift */,
				B1F13AE52ABEF1B700521B83 /* MockDataService.swift */,
			);
			path = Services;
			sourceTree = "<group>";
		};
		B1F13AE02ABEF0E700521B83 /* Extensions */ = {
			isa = PBXGroup;
			children = (
				B1F13AE12ABEF0FA00521B83 /* String-CapitalizeFirstLetter.swift */,
				B12242D82ABEF37F00A583C2 /* Bundle-Decode.swift */,
			);
			path = Extensions;
			sourceTree = "<group>";
		};
		B1F13AE72ABEF30000521B83 /* MockData */ = {
			isa = PBXGroup;
			children = (
				B1F13AED2ABEF31A00521B83 /* 1.json */,
				B1F13AE92ABEF31A00521B83 /* 2.json */,
				B1F13AEE2ABEF31A00521B83 /* 3.json */,
				B1F13AEA2ABEF31A00521B83 /* 4.json */,
				B1F13AEC2ABEF31A00521B83 /* 5.json */,
				B1F13AE82ABEF31A00521B83 /* 6.json */,
				B12242DA2ABEFB0000A583C2 /* 7.json */,
				B1F13AEF2ABEF31A00521B83 /* 8.json */,
				B1F13AEB2ABEF31A00521B83 /* 9.json */,
			);
			path = MockData;
			sourceTree = "<group>";
		};
/* End PBXGroup section */

/* Begin PBXNativeTarget section */
		B106A29B2ABD093B00246DCE /* Pokedex */ = {
			isa = PBXNativeTarget;
			buildConfigurationList = B106A2AA2ABD093C00246DCE /* Build configuration list for PBXNativeTarget "Pokedex" */;
			buildPhases = (
				B106A2982ABD093B00246DCE /* Sources */,
				B106A2992ABD093B00246DCE /* Frameworks */,
				B106A29A2ABD093B00246DCE /* Resources */,
			);
			buildRules = (
			);
			dependencies = (
			);
			name = Pokedex;
			productName = Pokedex;
			productReference = B106A29C2ABD093B00246DCE /* Pokedex.app */;
			productType = "com.apple.product-type.application";
		};
/* End PBXNativeTarget section */

/* Begin PBXProject section */
		B106A2942ABD093B00246DCE /* Project object */ = {
			isa = PBXProject;
			attributes = {
				BuildIndependentTargetsInParallel = 1;
				LastSwiftUpdateCheck = 1500;
				LastUpgradeCheck = 1500;
				TargetAttributes = {
					B106A29B2ABD093B00246DCE = {
						CreatedOnToolsVersion = 15.0;
					};
				};
			};
			buildConfigurationList = B106A2972ABD093B00246DCE /* Build configuration list for PBXProject "Pokedex" */;
			compatibilityVersion = "Xcode 14.0";
			developmentRegion = en;
			hasScannedForEncodings = 0;
			knownRegions = (
				en,
				Base,
			);
			mainGroup = B106A2932ABD093B00246DCE;
			productRefGroup = B106A29D2ABD093B00246DCE /* Products */;
			projectDirPath = "";
			projectRoot = "";
			targets = (
				B106A29B2ABD093B00246DCE /* Pokedex */,
			);
		};
/* End PBXProject section */

/* Begin PBXResourcesBuildPhase section */
		B106A29A2ABD093B00246DCE /* Resources */ = {
			isa = PBXResourcesBuildPhase;
			buildActionMask = 2147483647;
			files = (
				B1F13AF72ABEF31A00521B83 /* 8.json in Resources */,
				B1F13AF22ABEF31A00521B83 /* 4.json in Resources */,
				B1F13AF42ABEF31A00521B83 /* 5.json in Resources */,
				B1F13AF12ABEF31A00521B83 /* 2.json in Resources */,
				B1F13AF02ABEF31A00521B83 /* 6.json in Resources */,
				B1F13AF32ABEF31A00521B83 /* 9.json in Resources */,
				B106A2A72ABD093C00246DCE /* Preview Assets.xcassets in Resources */,
				B1F13AF62ABEF31A00521B83 /* 3.json in Resources */,
				B106A2A42ABD093C00246DCE /* Assets.xcassets in Resources */,
				B12242DB2ABEFB0000A583C2 /* 7.json in Resources */,
				B1F13AF52ABEF31A00521B83 /* 1.json in Resources */,
			);
			runOnlyForDeploymentPostprocessing = 0;
		};
/* End PBXResourcesBuildPhase section */

/* Begin PBXSourcesBuildPhase section */
		B106A2982ABD093B00246DCE /* Sources */ = {
			isa = PBXSourcesBuildPhase;
			buildActionMask = 2147483647;
			files = (
				B17E98542ABD108200953856 /* PokemonResponse.swift in Sources */,
				B1F13AE22ABEF0FA00521B83 /* String-CapitalizeFirstLetter.swift in Sources */,
				B12242D92ABEF37F00A583C2 /* Bundle-Decode.swift in Sources */,
				B106A2A22ABD093B00246DCE /* ContentView.swift in Sources */,
				B1F13AE42ABEF18100521B83 /* NetworkDataService.swift in Sources */,
				B17E98562ABEE4C700953856 /* ContentView-ViewModel.swift in Sources */,
				B1F13AE62ABEF1B700521B83 /* MockDataService.swift in Sources */,
				B17E98522ABD100800953856 /* DataServiceProtocol.swift in Sources */,
				B106A2A02ABD093B00246DCE /* PokedexApp.swift in Sources */,
			);
			runOnlyForDeploymentPostprocessing = 0;
		};
/* End PBXSourcesBuildPhase section */

/* Begin XCBuildConfiguration section */
		B106A2A82ABD093C00246DCE /* Debug */ = {
			isa = XCBuildConfiguration;
			buildSettings = {
				ALWAYS_SEARCH_USER_PATHS = NO;
				ASSETCATALOG_COMPILER_GENERATE_SWIFT_ASSET_SYMBOL_EXTENSIONS = YES;
				CLANG_ANALYZER_NONNULL = YES;
				CLANG_ANALYZER_NUMBER_OBJECT_CONVERSION = YES_AGGRESSIVE;
				CLANG_CXX_LANGUAGE_STANDARD = "gnu++20";
				CLANG_ENABLE_MODULES = YES;
				CLANG_ENABLE_OBJC_ARC = YES;
				CLANG_ENABLE_OBJC_WEAK = YES;
				CLANG_WARN_BLOCK_CAPTURE_AUTORELEASING = YES;
				CLANG_WARN_BOOL_CONVERSION = YES;
				CLANG_WARN_COMMA = YES;
				CLANG_WARN_CONSTANT_CONVERSION = YES;
				CLANG_WARN_DEPRECATED_OBJC_IMPLEMENTATIONS = YES;
				CLANG_WARN_DIRECT_OBJC_ISA_USAGE = YES_ERROR;
				CLANG_WARN_DOCUMENTATION_COMMENTS = YES;
				CLANG_WARN_EMPTY_BODY = YES;
				CLANG_WARN_ENUM_CONVERSION = YES;
				CLANG_WARN_INFINITE_RECURSION = YES;
				CLANG_WARN_INT_CONVERSION = YES;
				CLANG_WARN_NON_LITERAL_NULL_CONVERSION = YES;
				CLANG_WARN_OBJC_IMPLICIT_RETAIN_SELF = YES;
				CLANG_WARN_OBJC_LITERAL_CONVERSION = YES;
				CLANG_WARN_OBJC_ROOT_CLASS = YES_ERROR;
				CLANG_WARN_QUOTED_INCLUDE_IN_FRAMEWORK_HEADER = YES;
				CLANG_WARN_RANGE_LOOP_ANALYSIS = YES;
				CLANG_WARN_STRICT_PROTOTYPES = YES;
				CLANG_WARN_SUSPICIOUS_MOVE = YES;
				CLANG_WARN_UNGUARDED_AVAILABILITY = YES_AGGRESSIVE;
				CLANG_WARN_UNREACHABLE_CODE = YES;
				CLANG_WARN__DUPLICATE_METHOD_MATCH = YES;
				COPY_PHASE_STRIP = NO;
				DEBUG_INFORMATION_FORMAT = dwarf;
				ENABLE_STRICT_OBJC_MSGSEND = YES;
				ENABLE_TESTABILITY = YES;
				ENABLE_USER_SCRIPT_SANDBOXING = YES;
				GCC_C_LANGUAGE_STANDARD = gnu17;
				GCC_DYNAMIC_NO_PIC = NO;
				GCC_NO_COMMON_BLOCKS = YES;
				GCC_OPTIMIZATION_LEVEL = 0;
				GCC_PREPROCESSOR_DEFINITIONS = (
					"DEBUG=1",
					"$(inherited)",
				);
				GCC_WARN_64_TO_32_BIT_CONVERSION = YES;
				GCC_WARN_ABOUT_RETURN_TYPE = YES_ERROR;
				GCC_WARN_UNDECLARED_SELECTOR = YES;
				GCC_WARN_UNINITIALIZED_AUTOS = YES_AGGRESSIVE;
				GCC_WARN_UNUSED_FUNCTION = YES;
				GCC_WARN_UNUSED_VARIABLE = YES;
				IPHONEOS_DEPLOYMENT_TARGET = 17.0;
				LOCALIZATION_PREFERS_STRING_CATALOGS = YES;
				MTL_ENABLE_DEBUG_INFO = INCLUDE_SOURCE;
				MTL_FAST_MATH = YES;
				ONLY_ACTIVE_ARCH = YES;
				SDKROOT = iphoneos;
				SWIFT_ACTIVE_COMPILATION_CONDITIONS = "DEBUG $(inherited)";
				SWIFT_OPTIMIZATION_LEVEL = "-Onone";
			};
			name = Debug;
		};
		B106A2A92ABD093C00246DCE /* Release */ = {
			isa = XCBuildConfiguration;
			buildSettings = {
				ALWAYS_SEARCH_USER_PATHS = NO;
				ASSETCATALOG_COMPILER_GENERATE_SWIFT_ASSET_SYMBOL_EXTENSIONS = YES;
				CLANG_ANALYZER_NONNULL = YES;
				CLANG_ANALYZER_NUMBER_OBJECT_CONVERSION = YES_AGGRESSIVE;
				CLANG_CXX_LANGUAGE_STANDARD = "gnu++20";
				CLANG_ENABLE_MODULES = YES;
				CLANG_ENABLE_OBJC_ARC = YES;
				CLANG_ENABLE_OBJC_WEAK = YES;
				CLANG_WARN_BLOCK_CAPTURE_AUTORELEASING = YES;
				CLANG_WARN_BOOL_CONVERSION = YES;
				CLANG_WARN_COMMA = YES;
				CLANG_WARN_CONSTANT_CONVERSION = YES;
				CLANG_WARN_DEPRECATED_OBJC_IMPLEMENTATIONS = YES;
				CLANG_WARN_DIRECT_OBJC_ISA_USAGE = YES_ERROR;
				CLANG_WARN_DOCUMENTATION_COMMENTS = YES;
				CLANG_WARN_EMPTY_BODY = YES;
				CLANG_WARN_ENUM_CONVERSION = YES;
				CLANG_WARN_INFINITE_RECURSION = YES;
				CLANG_WARN_INT_CONVERSION = YES;
				CLANG_WARN_NON_LITERAL_NULL_CONVERSION = YES;
				CLANG_WARN_OBJC_IMPLICIT_RETAIN_SELF = YES;
				CLANG_WARN_OBJC_LITERAL_CONVERSION = YES;
				CLANG_WARN_OBJC_ROOT_CLASS = YES_ERROR;
				CLANG_WARN_QUOTED_INCLUDE_IN_FRAMEWORK_HEADER = YES;
				CLANG_WARN_RANGE_LOOP_ANALYSIS = YES;
				CLANG_WARN_STRICT_PROTOTYPES = YES;
				CLANG_WARN_SUSPICIOUS_MOVE = YES;
				CLANG_WARN_UNGUARDED_AVAILABILITY = YES_AGGRESSIVE;
				CLANG_WARN_UNREACHABLE_CODE = YES;
				CLANG_WARN__DUPLICATE_METHOD_MATCH = YES;
				COPY_PHASE_STRIP = NO;
				DEBUG_INFORMATION_FORMAT = "dwarf-with-dsym";
				ENABLE_NS_ASSERTIONS = NO;
				ENABLE_STRICT_OBJC_MSGSEND = YES;
				ENABLE_USER_SCRIPT_SANDBOXING = YES;
				GCC_C_LANGUAGE_STANDARD = gnu17;
				GCC_NO_COMMON_BLOCKS = YES;
				GCC_WARN_64_TO_32_BIT_CONVERSION = YES;
				GCC_WARN_ABOUT_RETURN_TYPE = YES_ERROR;
				GCC_WARN_UNDECLARED_SELECTOR = YES;
				GCC_WARN_UNINITIALIZED_AUTOS = YES_AGGRESSIVE;
				GCC_WARN_UNUSED_FUNCTION = YES;
				GCC_WARN_UNUSED_VARIABLE = YES;
				IPHONEOS_DEPLOYMENT_TARGET = 17.0;
				LOCALIZATION_PREFERS_STRING_CATALOGS = YES;
				MTL_ENABLE_DEBUG_INFO = NO;
				MTL_FAST_MATH = YES;
				SDKROOT = iphoneos;
				SWIFT_COMPILATION_MODE = wholemodule;
				VALIDATE_PRODUCT = YES;
			};
			name = Release;
		};
		B106A2AB2ABD093C00246DCE /* Debug */ = {
			isa = XCBuildConfiguration;
			buildSettings = {
				ASSETCATALOG_COMPILER_APPICON_NAME = AppIcon;
				ASSETCATALOG_COMPILER_GLOBAL_ACCENT_COLOR_NAME = AccentColor;
				CODE_SIGN_STYLE = Automatic;
				CURRENT_PROJECT_VERSION = 1;
				DEVELOPMENT_ASSET_PATHS = "\"Pokedex/Preview Content\"";
				DEVELOPMENT_TEAM = 394WW94RHF;
				ENABLE_PREVIEWS = YES;
				GENERATE_INFOPLIST_FILE = YES;
				INFOPLIST_KEY_UIApplicationSceneManifest_Generation = YES;
				INFOPLIST_KEY_UIApplicationSupportsIndirectInputEvents = YES;
				INFOPLIST_KEY_UILaunchScreen_Generation = YES;
				INFOPLIST_KEY_UISupportedInterfaceOrientations_iPad = "UIInterfaceOrientationPortrait UIInterfaceOrientationPortraitUpsideDown UIInterfaceOrientationLandscapeLeft UIInterfaceOrientationLandscapeRight";
				INFOPLIST_KEY_UISupportedInterfaceOrientations_iPhone = "UIInterfaceOrientationPortrait UIInterfaceOrientationLandscapeLeft UIInterfaceOrientationLandscapeRight";
				LD_RUNPATH_SEARCH_PATHS = (
					"$(inherited)",
					"@executable_path/Frameworks",
				);
				MARKETING_VERSION = 1.0;
				PRODUCT_BUNDLE_IDENTIFIER = Sarygin.Kyle.Pokedex;
				PRODUCT_NAME = "$(TARGET_NAME)";
				SWIFT_EMIT_LOC_STRINGS = YES;
				SWIFT_VERSION = 5.0;
				TARGETED_DEVICE_FAMILY = "1,2";
			};
			name = Debug;
		};
		B106A2AC2ABD093C00246DCE /* Release */ = {
			isa = XCBuildConfiguration;
			buildSettings = {
				ASSETCATALOG_COMPILER_APPICON_NAME = AppIcon;
				ASSETCATALOG_COMPILER_GLOBAL_ACCENT_COLOR_NAME = AccentColor;
				CODE_SIGN_STYLE = Automatic;
				CURRENT_PROJECT_VERSION = 1;
				DEVELOPMENT_ASSET_PATHS = "\"Pokedex/Preview Content\"";
				DEVELOPMENT_TEAM = 394WW94RHF;
				ENABLE_PREVIEWS = YES;
				GENERATE_INFOPLIST_FILE = YES;
				INFOPLIST_KEY_UIApplicationSceneManifest_Generation = YES;
				INFOPLIST_KEY_UIApplicationSupportsIndirectInputEvents = YES;
				INFOPLIST_KEY_UILaunchScreen_Generation = YES;
				INFOPLIST_KEY_UISupportedInterfaceOrientations_iPad = "UIInterfaceOrientationPortrait UIInterfaceOrientationPortraitUpsideDown UIInterfaceOrientationLandscapeLeft UIInterfaceOrientationLandscapeRight";
				INFOPLIST_KEY_UISupportedInterfaceOrientations_iPhone = "UIInterfaceOrientationPortrait UIInterfaceOrientationLandscapeLeft UIInterfaceOrientationLandscapeRight";
				LD_RUNPATH_SEARCH_PATHS = (
					"$(inherited)",
					"@executable_path/Frameworks",
				);
				MARKETING_VERSION = 1.0;
				PRODUCT_BUNDLE_IDENTIFIER = Sarygin.Kyle.Pokedex;
				PRODUCT_NAME = "$(TARGET_NAME)";
				SWIFT_EMIT_LOC_STRINGS = YES;
				SWIFT_VERSION = 5.0;
				TARGETED_DEVICE_FAMILY = "1,2";
			};
			name = Release;
		};
/* End XCBuildConfiguration section */

/* Begin XCConfigurationList section */
		B106A2972ABD093B00246DCE /* Build configuration list for PBXProject "Pokedex" */ = {
			isa = XCConfigurationList;
			buildConfigurations = (
				B106A2A82ABD093C00246DCE /* Debug */,
				B106A2A92ABD093C00246DCE /* Release */,
			);
			defaultConfigurationIsVisible = 0;
			defaultConfigurationName = Release;
		};
		B106A2AA2ABD093C00246DCE /* Build configuration list for PBXNativeTarget "Pokedex" */ = {
			isa = XCConfigurationList;
			buildConfigurations = (
				B106A2AB2ABD093C00246DCE /* Debug */,
				B106A2AC2ABD093C00246DCE /* Release */,
			);
			defaultConfigurationIsVisible = 0;
			defaultConfigurationName = Release;
		};
/* End XCConfigurationList section */
	};
	rootObject = B106A2942ABD093B00246DCE /* Project object */;
}
